// !$*UTF8*$!
{
	archiveVersion = 1;
	classes = {
	};
	objectVersion = 50;
	objects = {

/* Begin PBXBuildFile section */
		0765B1E443C9FAD797EB4AF1 /* Pods_iOS_step_tracker.framework in Frameworks */ = {isa = PBXBuildFile; fileRef = 5D02B0DCF15FB322F4016980 /* Pods_iOS_step_tracker.framework */; };
		F04210D6216665B800099CAF /* HealthKit.framework in Frameworks */ = {isa = PBXBuildFile; fileRef = F04210D5216665B800099CAF /* HealthKit.framework */; };
		F04210D821666B0D00099CAF /* HealthKitSetup.swift in Sources */ = {isa = PBXBuildFile; fileRef = F04210D721666B0D00099CAF /* HealthKitSetup.swift */; };
		F048EF68216CACE400E16E3F /* DBManager.swift in Sources */ = {isa = PBXBuildFile; fileRef = F048EF67216CACE400E16E3F /* DBManager.swift */; };
		F07BB444216D00C200B1E914 /* GradientView.swift in Sources */ = {isa = PBXBuildFile; fileRef = F07BB443216D00C200B1E914 /* GradientView.swift */; };
		F0A9F2C8216B8377006C973A /* AlertSetUp.swift in Sources */ = {isa = PBXBuildFile; fileRef = F0A9F2C7216B8377006C973A /* AlertSetUp.swift */; };
		F0A9F2D0216BC2D8006C973A /* GoogleService-Info.plist in Resources */ = {isa = PBXBuildFile; fileRef = F0A9F2CF216BC2D8006C973A /* GoogleService-Info.plist */; };
		F0C6573A2165197D0003296A /* AppDelegate.swift in Sources */ = {isa = PBXBuildFile; fileRef = F0C657392165197D0003296A /* AppDelegate.swift */; };
		F0C6573C2165197D0003296A /* MainViewController.swift in Sources */ = {isa = PBXBuildFile; fileRef = F0C6573B2165197D0003296A /* MainViewController.swift */; };
		F0C6573F2165197D0003296A /* Main.storyboard in Resources */ = {isa = PBXBuildFile; fileRef = F0C6573D2165197D0003296A /* Main.storyboard */; };
		F0C657412165197E0003296A /* Assets.xcassets in Resources */ = {isa = PBXBuildFile; fileRef = F0C657402165197E0003296A /* Assets.xcassets */; };
		F0C657442165197E0003296A /* LaunchScreen.storyboard in Resources */ = {isa = PBXBuildFile; fileRef = F0C657422165197E0003296A /* LaunchScreen.storyboard */; };
		F0F667B7216543B700B1689A /* HealthKitManager.swift in Sources */ = {isa = PBXBuildFile; fileRef = F0F667B6216543B700B1689A /* HealthKitManager.swift */; };
/* End PBXBuildFile section */

/* Begin PBXFileReference section */
		1DB110FF9C63E431A17341B2 /* Pods-iOS-step-tracker.release.xcconfig */ = {isa = PBXFileReference; includeInIndex = 1; lastKnownFileType = text.xcconfig; name = "Pods-iOS-step-tracker.release.xcconfig"; path = "Pods/Target Support Files/Pods-iOS-step-tracker/Pods-iOS-step-tracker.release.xcconfig"; sourceTree = "<group>"; };
		5D02B0DCF15FB322F4016980 /* Pods_iOS_step_tracker.framework */ = {isa = PBXFileReference; explicitFileType = wrapper.framework; includeInIndex = 0; path = Pods_iOS_step_tracker.framework; sourceTree = BUILT_PRODUCTS_DIR; };
		9C112E487EDFA7B127EF5268 /* Pods-iOS-step-tracker.debug.xcconfig */ = {isa = PBXFileReference; includeInIndex = 1; lastKnownFileType = text.xcconfig; name = "Pods-iOS-step-tracker.debug.xcconfig"; path = "Pods/Target Support Files/Pods-iOS-step-tracker/Pods-iOS-step-tracker.debug.xcconfig"; sourceTree = "<group>"; };
		F04210D4216665B800099CAF /* iOS-step-tracker.entitlements */ = {isa = PBXFileReference; lastKnownFileType = text.plist.entitlements; path = "iOS-step-tracker.entitlements"; sourceTree = "<group>"; };
		F04210D5216665B800099CAF /* HealthKit.framework */ = {isa = PBXFileReference; lastKnownFileType = wrapper.framework; name = HealthKit.framework; path = System/Library/Frameworks/HealthKit.framework; sourceTree = SDKROOT; };
		F04210D721666B0D00099CAF /* HealthKitSetup.swift */ = {isa = PBXFileReference; lastKnownFileType = sourcecode.swift; path = HealthKitSetup.swift; sourceTree = "<group>"; };
		F048EF67216CACE400E16E3F /* DBManager.swift */ = {isa = PBXFileReference; lastKnownFileType = sourcecode.swift; path = DBManager.swift; sourceTree = "<group>"; };
		F07BB443216D00C200B1E914 /* GradientView.swift */ = {isa = PBXFileReference; lastKnownFileType = sourcecode.swift; path = GradientView.swift; sourceTree = "<group>"; };
		F0A9F2C7216B8377006C973A /* AlertSetUp.swift */ = {isa = PBXFileReference; lastKnownFileType = sourcecode.swift; path = AlertSetUp.swift; sourceTree = "<group>"; };
		F0A9F2CF216BC2D8006C973A /* GoogleService-Info.plist */ = {isa = PBXFileReference; fileEncoding = 4; lastKnownFileType = text.plist.xml; path = "GoogleService-Info.plist"; sourceTree = "<group>"; };
		F0C657362165197D0003296A /* iOS-step-tracker.app */ = {isa = PBXFileReference; explicitFileType = wrapper.application; includeInIndex = 0; path = "iOS-step-tracker.app"; sourceTree = BUILT_PRODUCTS_DIR; };
		F0C657392165197D0003296A /* AppDelegate.swift */ = {isa = PBXFileReference; lastKnownFileType = sourcecode.swift; path = AppDelegate.swift; sourceTree = "<group>"; };
		F0C6573B2165197D0003296A /* MainViewController.swift */ = {isa = PBXFileReference; lastKnownFileType = sourcecode.swift; path = MainViewController.swift; sourceTree = "<group>"; };
		F0C6573E2165197D0003296A /* Base */ = {isa = PBXFileReference; lastKnownFileType = file.storyboard; name = Base; path = Base.lproj/Main.storyboard; sourceTree = "<group>"; };
		F0C657402165197E0003296A /* Assets.xcassets */ = {isa = PBXFileReference; lastKnownFileType = folder.assetcatalog; path = Assets.xcassets; sourceTree = "<group>"; };
		F0C657432165197E0003296A /* Base */ = {isa = PBXFileReference; lastKnownFileType = file.storyboard; name = Base; path = Base.lproj/LaunchScreen.storyboard; sourceTree = "<group>"; };
		F0C657452165197F0003296A /* Info.plist */ = {isa = PBXFileReference; lastKnownFileType = text.plist.xml; path = Info.plist; sourceTree = "<group>"; };
		F0F667B6216543B700B1689A /* HealthKitManager.swift */ = {isa = PBXFileReference; lastKnownFileType = sourcecode.swift; path = HealthKitManager.swift; sourceTree = "<group>"; };
/* End PBXFileReference section */

/* Begin PBXFrameworksBuildPhase section */
		F0C657332165197D0003296A /* Frameworks */ = {
			isa = PBXFrameworksBuildPhase;
			buildActionMask = 2147483647;
			files = (
				F04210D6216665B800099CAF /* HealthKit.framework in Frameworks */,
				0765B1E443C9FAD797EB4AF1 /* Pods_iOS_step_tracker.framework in Frameworks */,
			);
			runOnlyForDeploymentPostprocessing = 0;
		};
/* End PBXFrameworksBuildPhase section */

/* Begin PBXGroup section */
		62C738BC222BE659B62712A9 /* Pods */ = {
			isa = PBXGroup;
			children = (
				9C112E487EDFA7B127EF5268 /* Pods-iOS-step-tracker.debug.xcconfig */,
				1DB110FF9C63E431A17341B2 /* Pods-iOS-step-tracker.release.xcconfig */,
			);
			name = Pods;
			sourceTree = "<group>";
		};
		A2F9FF751673EB1699F815FA /* Frameworks */ = {
			isa = PBXGroup;
			children = (
				F04210D5216665B800099CAF /* HealthKit.framework */,
				5D02B0DCF15FB322F4016980 /* Pods_iOS_step_tracker.framework */,
			);
			name = Frameworks;
			sourceTree = "<group>";
		};
		F0C6572D2165197D0003296A = {
			isa = PBXGroup;
			children = (
				F0C657382165197D0003296A /* iOS-step-tracker */,
				F0C657372165197D0003296A /* Products */,
				62C738BC222BE659B62712A9 /* Pods */,
				A2F9FF751673EB1699F815FA /* Frameworks */,
			);
			sourceTree = "<group>";
		};
		F0C657372165197D0003296A /* Products */ = {
			isa = PBXGroup;
			children = (
				F0C657362165197D0003296A /* iOS-step-tracker.app */,
			);
			name = Products;
			sourceTree = "<group>";
		};
		F0C657382165197D0003296A /* iOS-step-tracker */ = {
			isa = PBXGroup;
			children = (
				F0A9F2CF216BC2D8006C973A /* GoogleService-Info.plist */,
				F04210D4216665B800099CAF /* iOS-step-tracker.entitlements */,
				F0C657452165197F0003296A /* Info.plist */,
				F0F667B22165329F00B1689A /* Service */,
				F0F667B121652BB000B1689A /* Utility */,
				F0F667B021652B9900B1689A /* Controller */,
				F0F667AF21652B9000B1689A /* View */,
			);
			path = "iOS-step-tracker";
			sourceTree = "<group>";
		};
		F0F667AF21652B9000B1689A /* View */ = {
			isa = PBXGroup;
			children = (
				F0C6573D2165197D0003296A /* Main.storyboard */,
				F0C657422165197E0003296A /* LaunchScreen.storyboard */,
			);
			path = View;
			sourceTree = "<group>";
		};
		F0F667B021652B9900B1689A /* Controller */ = {
			isa = PBXGroup;
			children = (
				F07BB443216D00C200B1E914 /* GradientView.swift */,
				F0A9F2C7216B8377006C973A /* AlertSetUp.swift */,
				F0C6573B2165197D0003296A /* MainViewController.swift */,
			);
			path = Controller;
			sourceTree = "<group>";
		};
		F0F667B121652BB000B1689A /* Utility */ = {
			isa = PBXGroup;
			children = (
				F0C657392165197D0003296A /* AppDelegate.swift */,
				F0C657402165197E0003296A /* Assets.xcassets */,
			);
			path = Utility;
			sourceTree = "<group>";
		};
		F0F667B22165329F00B1689A /* Service */ = {
			isa = PBXGroup;
			children = (
				F0F667B6216543B700B1689A /* HealthKitManager.swift */,
				F04210D721666B0D00099CAF /* HealthKitSetup.swift */,
				F048EF67216CACE400E16E3F /* DBManager.swift */,
			);
			path = Service;
			sourceTree = "<group>";
		};
/* End PBXGroup section */

/* Begin PBXNativeTarget section */
		F0C657352165197D0003296A /* iOS-step-tracker */ = {
			isa = PBXNativeTarget;
			buildConfigurationList = F0C657482165197F0003296A /* Build configuration list for PBXNativeTarget "iOS-step-tracker" */;
			buildPhases = (
				6445448EEEA42D259F4555A6 /* [CP] Check Pods Manifest.lock */,
				F0C657322165197D0003296A /* Sources */,
				F0C657332165197D0003296A /* Frameworks */,
				F0C657342165197D0003296A /* Resources */,
				067F7A9AD56F202256DA955C /* [CP] Embed Pods Frameworks */,
			);
			buildRules = (
			);
			dependencies = (
			);
			name = "iOS-step-tracker";
			productName = "iOS-step-tracker";
			productReference = F0C657362165197D0003296A /* iOS-step-tracker.app */;
			productType = "com.apple.product-type.application";
		};
/* End PBXNativeTarget section */

/* Begin PBXProject section */
		F0C6572E2165197D0003296A /* Project object */ = {
			isa = PBXProject;
			attributes = {
				LastSwiftUpdateCheck = 1000;
				LastUpgradeCheck = 1000;
				ORGANIZATIONNAME = "Liubov Fedorchuk";
				TargetAttributes = {
					F0C657352165197D0003296A = {
						CreatedOnToolsVersion = 10.0;
						SystemCapabilities = {
							com.apple.BackgroundModes = {
								enabled = 1;
							};
							com.apple.HealthKit = {
								enabled = 1;
							};
						};
					};
				};
			};
			buildConfigurationList = F0C657312165197D0003296A /* Build configuration list for PBXProject "iOS-step-tracker" */;
			compatibilityVersion = "Xcode 9.3";
			developmentRegion = en;
			hasScannedForEncodings = 0;
			knownRegions = (
				en,
				Base,
			);
			mainGroup = F0C6572D2165197D0003296A;
			productRefGroup = F0C657372165197D0003296A /* Products */;
			projectDirPath = "";
			projectRoot = "";
			targets = (
				F0C657352165197D0003296A /* iOS-step-tracker */,
			);
		};
/* End PBXProject section */

/* Begin PBXResourcesBuildPhase section */
		F0C657342165197D0003296A /* Resources */ = {
			isa = PBXResourcesBuildPhase;
			buildActionMask = 2147483647;
			files = (
				F0C657442165197E0003296A /* LaunchScreen.storyboard in Resources */,
				F0A9F2D0216BC2D8006C973A /* GoogleService-Info.plist in Resources */,
				F0C657412165197E0003296A /* Assets.xcassets in Resources */,
				F0C6573F2165197D0003296A /* Main.storyboard in Resources */,
			);
			runOnlyForDeploymentPostprocessing = 0;
		};
/* End PBXResourcesBuildPhase section */

/* Begin PBXShellScriptBuildPhase section */
		067F7A9AD56F202256DA955C /* [CP] Embed Pods Frameworks */ = {
			isa = PBXShellScriptBuildPhase;
			buildActionMask = 2147483647;
			files = (
			);
			inputFileListPaths = (
			);
			inputPaths = (
				"${SRCROOT}/Pods/Target Support Files/Pods-iOS-step-tracker/Pods-iOS-step-tracker-frameworks.sh",
				"${BUILT_PRODUCTS_DIR}/GoogleUtilities/GoogleUtilities.framework",
				"${BUILT_PRODUCTS_DIR}/SwiftyBeaver/SwiftyBeaver.framework",
				"${BUILT_PRODUCTS_DIR}/leveldb-library/leveldb.framework",
				"${BUILT_PRODUCTS_DIR}/nanopb/nanopb.framework",
			);
			name = "[CP] Embed Pods Frameworks";
			outputFileListPaths = (
			);
			outputPaths = (
				"${TARGET_BUILD_DIR}/${FRAMEWORKS_FOLDER_PATH}/GoogleUtilities.framework",
				"${TARGET_BUILD_DIR}/${FRAMEWORKS_FOLDER_PATH}/SwiftyBeaver.framework",
				"${TARGET_BUILD_DIR}/${FRAMEWORKS_FOLDER_PATH}/leveldb.framework",
				"${TARGET_BUILD_DIR}/${FRAMEWORKS_FOLDER_PATH}/nanopb.framework",
			);
			runOnlyForDeploymentPostprocessing = 0;
			shellPath = /bin/sh;
			shellScript = "\"${SRCROOT}/Pods/Target Support Files/Pods-iOS-step-tracker/Pods-iOS-step-tracker-frameworks.sh\"\n";
			showEnvVarsInLog = 0;
		};
		6445448EEEA42D259F4555A6 /* [CP] Check Pods Manifest.lock */ = {
			isa = PBXShellScriptBuildPhase;
			buildActionMask = 2147483647;
			files = (
			);
			inputFileListPaths = (
			);
			inputPaths = (
				"${PODS_PODFILE_DIR_PATH}/Podfile.lock",
				"${PODS_ROOT}/Manifest.lock",
			);
			name = "[CP] Check Pods Manifest.lock";
			outputFileListPaths = (
			);
			outputPaths = (
				"$(DERIVED_FILE_DIR)/Pods-iOS-step-tracker-checkManifestLockResult.txt",
			);
			runOnlyForDeploymentPostprocessing = 0;
			shellPath = /bin/sh;
			shellScript = "diff \"${PODS_PODFILE_DIR_PATH}/Podfile.lock\" \"${PODS_ROOT}/Manifest.lock\" > /dev/null\nif [ $? != 0 ] ; then\n    # print error to STDERR\n    echo \"error: The sandbox is not in sync with the Podfile.lock. Run 'pod install' or update your CocoaPods installation.\" >&2\n    exit 1\nfi\n# This output is used by Xcode 'outputs' to avoid re-running this script phase.\necho \"SUCCESS\" > \"${SCRIPT_OUTPUT_FILE_0}\"\n";
			showEnvVarsInLog = 0;
		};
/* End PBXShellScriptBuildPhase section */

/* Begin PBXSourcesBuildPhase section */
		F0C657322165197D0003296A /* Sources */ = {
			isa = PBXSourcesBuildPhase;
			buildActionMask = 2147483647;
			files = (
				F0C6573C2165197D0003296A /* MainViewController.swift in Sources */,
				F0C6573A2165197D0003296A /* AppDelegate.swift in Sources */,
				F0F667B7216543B700B1689A /* HealthKitManager.swift in Sources */,
				F048EF68216CACE400E16E3F /* DBManager.swift in Sources */,
				F0A9F2C8216B8377006C973A /* AlertSetUp.swift in Sources */,
				F07BB444216D00C200B1E914 /* GradientView.swift in Sources */,
				F04210D821666B0D00099CAF /* HealthKitSetup.swift in Sources */,
			);
			runOnlyForDeploymentPostprocessing = 0;
		};
/* End PBXSourcesBuildPhase section */

/* Begin PBXVariantGroup section */
		F0C6573D2165197D0003296A /* Main.storyboard */ = {
			isa = PBXVariantGroup;
			children = (
				F0C6573E2165197D0003296A /* Base */,
			);
			name = Main.storyboard;
			sourceTree = "<group>";
		};
		F0C657422165197E0003296A /* LaunchScreen.storyboard */ = {
			isa = PBXVariantGroup;
			children = (
				F0C657432165197E0003296A /* Base */,
			);
			name = LaunchScreen.storyboard;
			sourceTree = "<group>";
		};
/* End PBXVariantGroup section */

/* Begin XCBuildConfiguration section */
		F0C657462165197F0003296A /* Debug */ = {
			isa = XCBuildConfiguration;
			buildSettings = {
				ALWAYS_SEARCH_USER_PATHS = NO;
				CLANG_ANALYZER_NONNULL = YES;
				CLANG_ANALYZER_NUMBER_OBJECT_CONVERSION = YES_AGGRESSIVE;
				CLANG_CXX_LANGUAGE_STANDARD = "gnu++14";
				CLANG_CXX_LIBRARY = "libc++";
				CLANG_ENABLE_MODULES = YES;
				CLANG_ENABLE_OBJC_ARC = YES;
				CLANG_ENABLE_OBJC_WEAK = YES;
				CLANG_WARN_BLOCK_CAPTURE_AUTORELEASING = YES;
				CLANG_WARN_BOOL_CONVERSION = YES;
				CLANG_WARN_COMMA = YES;
				CLANG_WARN_CONSTANT_CONVERSION = YES;
				CLANG_WARN_DEPRECATED_OBJC_IMPLEMENTATIONS = YES;
				CLANG_WARN_DIRECT_OBJC_ISA_USAGE = YES_ERROR;
				CLANG_WARN_DOCUMENTATION_COMMENTS = YES;
				CLANG_WARN_EMPTY_BODY = YES;
				CLANG_WARN_ENUM_CONVERSION = YES;
				CLANG_WARN_INFINITE_RECURSION = YES;
				CLANG_WARN_INT_CONVERSION = YES;
				CLANG_WARN_NON_LITERAL_NULL_CONVERSION = YES;
				CLANG_WARN_OBJC_IMPLICIT_RETAIN_SELF = YES;
				CLANG_WARN_OBJC_LITERAL_CONVERSION = YES;
				CLANG_WARN_OBJC_ROOT_CLASS = YES_ERROR;
				CLANG_WARN_RANGE_LOOP_ANALYSIS = YES;
				CLANG_WARN_STRICT_PROTOTYPES = YES;
				CLANG_WARN_SUSPICIOUS_MOVE = YES;
				CLANG_WARN_UNGUARDED_AVAILABILITY = YES_AGGRESSIVE;
				CLANG_WARN_UNREACHABLE_CODE = YES;
				CLANG_WARN__DUPLICATE_METHOD_MATCH = YES;
				CODE_SIGN_IDENTITY = "iPhone Developer";
				COPY_PHASE_STRIP = NO;
				DEBUG_INFORMATION_FORMAT = dwarf;
				ENABLE_STRICT_OBJC_MSGSEND = YES;
				ENABLE_TESTABILITY = YES;
				GCC_C_LANGUAGE_STANDARD = gnu11;
				GCC_DYNAMIC_NO_PIC = NO;
				GCC_NO_COMMON_BLOCKS = YES;
				GCC_OPTIMIZATION_LEVEL = 0;
				GCC_PREPROCESSOR_DEFINITIONS = (
					"DEBUG=1",
					"$(inherited)",
				);
				GCC_WARN_64_TO_32_BIT_CONVERSION = YES;
				GCC_WARN_ABOUT_RETURN_TYPE = YES_ERROR;
				GCC_WARN_UNDECLARED_SELECTOR = YES;
				GCC_WARN_UNINITIALIZED_AUTOS = YES_AGGRESSIVE;
				GCC_WARN_UNUSED_FUNCTION = YES;
				GCC_WARN_UNUSED_VARIABLE = YES;
				IPHONEOS_DEPLOYMENT_TARGET = 12.0;
				MTL_ENABLE_DEBUG_INFO = INCLUDE_SOURCE;
				MTL_FAST_MATH = YES;
				ONLY_ACTIVE_ARCH = YES;
				SDKROOT = iphoneos;
				SWIFT_ACTIVE_COMPILATION_CONDITIONS = DEBUG;
				SWIFT_OPTIMIZATION_LEVEL = "-Onone";
			};
			name = Debug;
		};
		F0C657472165197F0003296A /* Release */ = {
			isa = XCBuildConfiguration;
			buildSettings = {
				ALWAYS_SEARCH_USER_PATHS = NO;
				CLANG_ANALYZER_NONNULL = YES;
				CLANG_ANALYZER_NUMBER_OBJECT_CONVERSION = YES_AGGRESSIVE;
				CLANG_CXX_LANGUAGE_STANDARD = "gnu++14";
				CLANG_CXX_LIBRARY = "libc++";
				CLANG_ENABLE_MODULES = YES;
				CLANG_ENABLE_OBJC_ARC = YES;
				CLANG_ENABLE_OBJC_WEAK = YES;
				CLANG_WARN_BLOCK_CAPTURE_AUTORELEASING = YES;
				CLANG_WARN_BOOL_CONVERSION = YES;
				CLANG_WARN_COMMA = YES;
				CLANG_WARN_CONSTANT_CONVERSION = YES;
				CLANG_WARN_DEPRECATED_OBJC_IMPLEMENTATIONS = YES;
				CLANG_WARN_DIRECT_OBJC_ISA_USAGE = YES_ERROR;
				CLANG_WARN_DOCUMENTATION_COMMENTS = YES;
				CLANG_WARN_EMPTY_BODY = YES;
				CLANG_WARN_ENUM_CONVERSION = YES;
				CLANG_WARN_INFINITE_RECURSION = YES;
				CLANG_WARN_INT_CONVERSION = YES;
				CLANG_WARN_NON_LITERAL_NULL_CONVERSION = YES;
				CLANG_WARN_OBJC_IMPLICIT_RETAIN_SELF = YES;
				CLANG_WARN_OBJC_LITERAL_CONVERSION = YES;
				CLANG_WARN_OBJC_ROOT_CLASS = YES_ERROR;
				CLANG_WARN_RANGE_LOOP_ANALYSIS = YES;
				CLANG_WARN_STRICT_PROTOTYPES = YES;
				CLANG_WARN_SUSPICIOUS_MOVE = YES;
				CLANG_WARN_UNGUARDED_AVAILABILITY = YES_AGGRESSIVE;
				CLANG_WARN_UNREACHABLE_CODE = YES;
				CLANG_WARN__DUPLICATE_METHOD_MATCH = YES;
				CODE_SIGN_IDENTITY = "iPhone Developer";
				COPY_PHASE_STRIP = NO;
				DEBUG_INFORMATION_FORMAT = "dwarf-with-dsym";
				ENABLE_NS_ASSERTIONS = NO;
				ENABLE_STRICT_OBJC_MSGSEND = YES;
				GCC_C_LANGUAGE_STANDARD = gnu11;
				GCC_NO_COMMON_BLOCKS = YES;
				GCC_WARN_64_TO_32_BIT_CONVERSION = YES;
				GCC_WARN_ABOUT_RETURN_TYPE = YES_ERROR;
				GCC_WARN_UNDECLARED_SELECTOR = YES;
				GCC_WARN_UNINITIALIZED_AUTOS = YES_AGGRESSIVE;
				GCC_WARN_UNUSED_FUNCTION = YES;
				GCC_WARN_UNUSED_VARIABLE = YES;
				IPHONEOS_DEPLOYMENT_TARGET = 12.0;
				MTL_ENABLE_DEBUG_INFO = NO;
				MTL_FAST_MATH = YES;
				SDKROOT = iphoneos;
				SWIFT_COMPILATION_MODE = wholemodule;
				SWIFT_OPTIMIZATION_LEVEL = "-O";
				VALIDATE_PRODUCT = YES;
			};
			name = Release;
		};
		F0C657492165197F0003296A /* Debug */ = {
			isa = XCBuildConfiguration;
			baseConfigurationReference = 9C112E487EDFA7B127EF5268 /* Pods-iOS-step-tracker.debug.xcconfig */;
			buildSettings = {
				ASSETCATALOG_COMPILER_APPICON_NAME = AppIcon;
				CODE_SIGN_ENTITLEMENTS = "iOS-step-tracker/iOS-step-tracker.entitlements";
				CODE_SIGN_STYLE = Automatic;
				DEVELOPMENT_TEAM = DDR28UPSK9;
				INFOPLIST_FILE = "iOS-step-tracker/Info.plist";
				LD_RUNPATH_SEARCH_PATHS = (
					"$(inherited)",
					"@executable_path/Frameworks",
				);
				PRODUCT_BUNDLE_IDENTIFIER = "com.fedorchuk.iOS-step-tracker";
				PRODUCT_NAME = "$(TARGET_NAME)";
				SWIFT_VERSION = 4.2;
				TARGETED_DEVICE_FAMILY = "1,2";
			};
			name = Debug;
		};
		F0C6574A2165197F0003296A /* Release */ = {
			isa = XCBuildConfiguration;
			baseConfigurationReference = 1DB110FF9C63E431A17341B2 /* Pods-iOS-step-tracker.release.xcconfig */;
			buildSettings = {
				ASSETCATALOG_COMPILER_APPICON_NAME = AppIcon;
				CODE_SIGN_ENTITLEMENTS = "iOS-step-tracker/iOS-step-tracker.entitlements";
				CODE_SIGN_STYLE = Automatic;
				DEVELOPMENT_TEAM = DDR28UPSK9;
				INFOPLIST_FILE = "iOS-step-tracker/Info.plist";
				LD_RUNPATH_SEARCH_PATHS = (
					"$(inherited)",
					"@executable_path/Frameworks",
				);
				PRODUCT_BUNDLE_IDENTIFIER = "com.fedorchuk.iOS-step-tracker";
				PRODUCT_NAME = "$(TARGET_NAME)";
				SWIFT_VERSION = 4.2;
				TARGETED_DEVICE_FAMILY = "1,2";
			};
			name = Release;
		};
/* End XCBuildConfiguration section */

/* Begin XCConfigurationList section */
		F0C657312165197D0003296A /* Build configuration list for PBXProject "iOS-step-tracker" */ = {
			isa = XCConfigurationList;
			buildConfigurations = (
				F0C657462165197F0003296A /* Debug */,
				F0C657472165197F0003296A /* Release */,
			);
			defaultConfigurationIsVisible = 0;
			defaultConfigurationName = Release;
		};
		F0C657482165197F0003296A /* Build configuration list for PBXNativeTarget "iOS-step-tracker" */ = {
			isa = XCConfigurationList;
			buildConfigurations = (
				F0C657492165197F0003296A /* Debug */,
				F0C6574A2165197F0003296A /* Release */,
			);
			defaultConfigurationIsVisible = 0;
			defaultConfigurationName = Release;
		};
/* End XCConfigurationList section */
	};
	rootObject = F0C6572E2165197D0003296A /* Project object */;
}
